// !$*UTF8*$!
{
	archiveVersion = 1;
	classes = {
	};
	objectVersion = 77;
	objects = {

/* Begin PBXBuildFile section */
		E4E3261D2CF1B72D007D3137 /* Alamofire in Frameworks */ = {isa = PBXBuildFile; productRef = E4E3261C2CF1B72D007D3137 /* Alamofire */; };
/* End PBXBuildFile section */

/* Begin PBXContainerItemProxy section */
		E482AE572CED5D2000DB6203 /* PBXContainerItemProxy */ = {
			isa = PBXContainerItemProxy;
			containerPortal = E482AE3E2CED5D1F00DB6203 /* Project object */;
			proxyType = 1;
			remoteGlobalIDString = E482AE452CED5D1F00DB6203;
			remoteInfo = Sangle;
		};
		E482AE612CED5D2000DB6203 /* PBXContainerItemProxy */ = {
			isa = PBXContainerItemProxy;
			containerPortal = E482AE3E2CED5D1F00DB6203 /* Project object */;
			proxyType = 1;
			remoteGlobalIDString = E482AE452CED5D1F00DB6203;
			remoteInfo = Sangle;
		};
/* End PBXContainerItemProxy section */

/* Begin PBXFileReference section */
		E482AE462CED5D1F00DB6203 /* Sangle.app */ = {isa = PBXFileReference; explicitFileType = wrapper.application; includeInIndex = 0; path = Sangle.app; sourceTree = BUILT_PRODUCTS_DIR; };
		E482AE562CED5D2000DB6203 /* SangleTests.xctest */ = {isa = PBXFileReference; explicitFileType = wrapper.cfbundle; includeInIndex = 0; path = SangleTests.xctest; sourceTree = BUILT_PRODUCTS_DIR; };
		E482AE602CED5D2000DB6203 /* SangleUITests.xctest */ = {isa = PBXFileReference; explicitFileType = wrapper.cfbundle; includeInIndex = 0; path = SangleUITests.xctest; sourceTree = BUILT_PRODUCTS_DIR; };
/* End PBXFileReference section */

/* Begin PBXFileSystemSynchronizedBuildFileExceptionSet section */
		E482AF1F2CED797800DB6203 /* Exceptions for "Sangle" folder in "Sangle" target */ = {
			isa = PBXFileSystemSynchronizedBuildFileExceptionSet;
			membershipExceptions = (
				Info.plist,
			);
			target = E482AE452CED5D1F00DB6203 /* Sangle */;
		};
/* End PBXFileSystemSynchronizedBuildFileExceptionSet section */

/* Begin PBXFileSystemSynchronizedRootGroup section */
		E482AE482CED5D1F00DB6203 /* Sangle */ = {
			isa = PBXFileSystemSynchronizedRootGroup;
			exceptions = (
				E482AF1F2CED797800DB6203 /* Exceptions for "Sangle" folder in "Sangle" target */,
			);
			path = Sangle;
			sourceTree = "<group>";
		};
		E482AE592CED5D2000DB6203 /* SangleTests */ = {
			isa = PBXFileSystemSynchronizedRootGroup;
			path = SangleTests;
			sourceTree = "<group>";
		};
		E482AE632CED5D2000DB6203 /* SangleUITests */ = {
			isa = PBXFileSystemSynchronizedRootGroup;
			path = SangleUITests;
			sourceTree = "<group>";
		};
/* End PBXFileSystemSynchronizedRootGroup section */

/* Begin PBXFrameworksBuildPhase section */
		E482AE432CED5D1F00DB6203 /* Frameworks */ = {
			isa = PBXFrameworksBuildPhase;
			buildActionMask = 2147483647;
			files = (
				E4E3261D2CF1B72D007D3137 /* Alamofire in Frameworks */,
			);
			runOnlyForDeploymentPostprocessing = 0;
		};
		E482AE532CED5D2000DB6203 /* Frameworks */ = {
			isa = PBXFrameworksBuildPhase;
			buildActionMask = 2147483647;
			files = (
			);
			runOnlyForDeploymentPostprocessing = 0;
		};
		E482AE5D2CED5D2000DB6203 /* Frameworks */ = {
			isa = PBXFrameworksBuildPhase;
			buildActionMask = 2147483647;
			files = (
			);
			runOnlyForDeploymentPostprocessing = 0;
		};
/* End PBXFrameworksBuildPhase section */

/* Begin PBXGroup section */
		E482AE3D2CED5D1F00DB6203 = {
			isa = PBXGroup;
			children = (
				E482AE482CED5D1F00DB6203 /* Sangle */,
				E482AE592CED5D2000DB6203 /* SangleTests */,
				E482AE632CED5D2000DB6203 /* SangleUITests */,
				E482AE472CED5D1F00DB6203 /* Products */,
			);
			sourceTree = "<group>";
		};
		E482AE472CED5D1F00DB6203 /* Products */ = {
			isa = PBXGroup;
			children = (
				E482AE462CED5D1F00DB6203 /* Sangle.app */,
				E482AE562CED5D2000DB6203 /* SangleTests.xctest */,
				E482AE602CED5D2000DB6203 /* SangleUITests.xctest */,
			);
			name = Products;
			sourceTree = "<group>";
		};
/* End PBXGroup section */

/* Begin PBXNativeTarget section */
		E482AE452CED5D1F00DB6203 /* Sangle */ = {
			isa = PBXNativeTarget;
			buildConfigurationList = E482AE6A2CED5D2000DB6203 /* Build configuration list for PBXNativeTarget "Sangle" */;
			buildPhases = (
				E482AE422CED5D1F00DB6203 /* Sources */,
				E482AE432CED5D1F00DB6203 /* Frameworks */,
				E482AE442CED5D1F00DB6203 /* Resources */,
			);
			buildRules = (
			);
			dependencies = (
			);
			fileSystemSynchronizedGroups = (
				E482AE482CED5D1F00DB6203 /* Sangle */,
			);
			name = Sangle;
			packageProductDependencies = (
				E4E3261C2CF1B72D007D3137 /* Alamofire */,
			);
			productName = Sangle;
			productReference = E482AE462CED5D1F00DB6203 /* Sangle.app */;
			productType = "com.apple.product-type.application";
		};
		E482AE552CED5D2000DB6203 /* SangleTests */ = {
			isa = PBXNativeTarget;
			buildConfigurationList = E482AE6D2CED5D2000DB6203 /* Build configuration list for PBXNativeTarget "SangleTests" */;
			buildPhases = (
				E482AE522CED5D2000DB6203 /* Sources */,
				E482AE532CED5D2000DB6203 /* Frameworks */,
				E482AE542CED5D2000DB6203 /* Resources */,
			);
			buildRules = (
			);
			dependencies = (
				E482AE582CED5D2000DB6203 /* PBXTargetDependency */,
			);
			fileSystemSynchronizedGroups = (
				E482AE592CED5D2000DB6203 /* SangleTests */,
			);
			name = SangleTests;
			packageProductDependencies = (
			);
			productName = SangleTests;
			productReference = E482AE562CED5D2000DB6203 /* SangleTests.xctest */;
			productType = "com.apple.product-type.bundle.unit-test";
		};
		E482AE5F2CED5D2000DB6203 /* SangleUITests */ = {
			isa = PBXNativeTarget;
			buildConfigurationList = E482AE702CED5D2000DB6203 /* Build configuration list for PBXNativeTarget "SangleUITests" */;
			buildPhases = (
				E482AE5C2CED5D2000DB6203 /* Sources */,
				E482AE5D2CED5D2000DB6203 /* Frameworks */,
				E482AE5E2CED5D2000DB6203 /* Resources */,
			);
			buildRules = (
			);
			dependencies = (
				E482AE622CED5D2000DB6203 /* PBXTargetDependency */,
			);
			fileSystemSynchronizedGroups = (
				E482AE632CED5D2000DB6203 /* SangleUITests */,
			);
			name = SangleUITests;
			packageProductDependencies = (
			);
			productName = SangleUITests;
			productReference = E482AE602CED5D2000DB6203 /* SangleUITests.xctest */;
			productType = "com.apple.product-type.bundle.ui-testing";
		};
/* End PBXNativeTarget section */

/* Begin PBXProject section */
		E482AE3E2CED5D1F00DB6203 /* Project object */ = {
			isa = PBXProject;
			attributes = {
				BuildIndependentTargetsInParallel = 1;
				LastSwiftUpdateCheck = 1610;
				LastUpgradeCheck = 1610;
				TargetAttributes = {
					E482AE452CED5D1F00DB6203 = {
						CreatedOnToolsVersion = 16.1;
					};
					E482AE552CED5D2000DB6203 = {
						CreatedOnToolsVersion = 16.1;
						TestTargetID = E482AE452CED5D1F00DB6203;
					};
					E482AE5F2CED5D2000DB6203 = {
						CreatedOnToolsVersion = 16.1;
						TestTargetID = E482AE452CED5D1F00DB6203;
					};
				};
			};
			buildConfigurationList = E482AE412CED5D1F00DB6203 /* Build configuration list for PBXProject "Sangle" */;
			developmentRegion = en;
			hasScannedForEncodings = 0;
			knownRegions = (
				en,
				Base,
			);
			mainGroup = E482AE3D2CED5D1F00DB6203;
			minimizedProjectReferenceProxies = 1;
			packageReferences = (
				E4E3261B2CF1B72D007D3137 /* XCRemoteSwiftPackageReference "Alamofire" */,
			);
			preferredProjectObjectVersion = 77;
			productRefGroup = E482AE472CED5D1F00DB6203 /* Products */;
			projectDirPath = "";
			projectRoot = "";
			targets = (
				E482AE452CED5D1F00DB6203 /* Sangle */,
				E482AE552CED5D2000DB6203 /* SangleTests */,
				E482AE5F2CED5D2000DB6203 /* SangleUITests */,
			);
		};
/* End PBXProject section */

/* Begin PBXResourcesBuildPhase section */
		E482AE442CED5D1F00DB6203 /* Resources */ = {
			isa = PBXResourcesBuildPhase;
			buildActionMask = 2147483647;
			files = (
			);
			runOnlyForDeploymentPostprocessing = 0;
		};
		E482AE542CED5D2000DB6203 /* Resources */ = {
			isa = PBXResourcesBuildPhase;
			buildActionMask = 2147483647;
			files = (
			);
			runOnlyForDeploymentPostprocessing = 0;
		};
		E482AE5E2CED5D2000DB6203 /* Resources */ = {
			isa = PBXResourcesBuildPhase;
			buildActionMask = 2147483647;
			files = (
			);
			runOnlyForDeploymentPostprocessing = 0;
		};
/* End PBXResourcesBuildPhase section */

/* Begin PBXSourcesBuildPhase section */
		E482AE422CED5D1F00DB6203 /* Sources */ = {
			isa = PBXSourcesBuildPhase;
			buildActionMask = 2147483647;
			files = (
			);
			runOnlyForDeploymentPostprocessing = 0;
		};
		E482AE522CED5D2000DB6203 /* Sources */ = {
			isa = PBXSourcesBuildPhase;
			buildActionMask = 2147483647;
			files = (
			);
			runOnlyForDeploymentPostprocessing = 0;
		};
		E482AE5C2CED5D2000DB6203 /* Sources */ = {
			isa = PBXSourcesBuildPhase;
			buildActionMask = 2147483647;
			files = (
			);
			runOnlyForDeploymentPostprocessing = 0;
		};
/* End PBXSourcesBuildPhase section */

/* Begin PBXTargetDependency section */
		E482AE582CED5D2000DB6203 /* PBXTargetDependency */ = {
			isa = PBXTargetDependency;
			target = E482AE452CED5D1F00DB6203 /* Sangle */;
			targetProxy = E482AE572CED5D2000DB6203 /* PBXContainerItemProxy */;
		};
		E482AE622CED5D2000DB6203 /* PBXTargetDependency */ = {
			isa = PBXTargetDependency;
			target = E482AE452CED5D1F00DB6203 /* Sangle */;
			targetProxy = E482AE612CED5D2000DB6203 /* PBXContainerItemProxy */;
		};
/* End PBXTargetDependency section */

/* Begin XCBuildConfiguration section */
		E482AE682CED5D2000DB6203 /* Debug */ = {
			isa = XCBuildConfiguration;
			buildSettings = {
				ALWAYS_SEARCH_USER_PATHS = NO;
				ASSETCATALOG_COMPILER_GENERATE_SWIFT_ASSET_SYMBOL_EXTENSIONS = YES;
				CLANG_ANALYZER_NONNULL = YES;
				CLANG_ANALYZER_NUMBER_OBJECT_CONVERSION = YES_AGGRESSIVE;
				CLANG_CXX_LANGUAGE_STANDARD = "gnu++20";
				CLANG_ENABLE_MODULES = YES;
				CLANG_ENABLE_OBJC_ARC = YES;
				CLANG_ENABLE_OBJC_WEAK = YES;
				CLANG_WARN_BLOCK_CAPTURE_AUTORELEASING = YES;
				CLANG_WARN_BOOL_CONVERSION = YES;
				CLANG_WARN_COMMA = YES;
				CLANG_WARN_CONSTANT_CONVERSION = YES;
				CLANG_WARN_DEPRECATED_OBJC_IMPLEMENTATIONS = YES;
				CLANG_WARN_DIRECT_OBJC_ISA_USAGE = YES_ERROR;
				CLANG_WARN_DOCUMENTATION_COMMENTS = YES;
				CLANG_WARN_EMPTY_BODY = YES;
				CLANG_WARN_ENUM_CONVERSION = YES;
				CLANG_WARN_INFINITE_RECURSION = YES;
				CLANG_WARN_INT_CONVERSION = YES;
				CLANG_WARN_NON_LITERAL_NULL_CONVERSION = YES;
				CLANG_WARN_OBJC_IMPLICIT_RETAIN_SELF = YES;
				CLANG_WARN_OBJC_LITERAL_CONVERSION = YES;
				CLANG_WARN_OBJC_ROOT_CLASS = YES_ERROR;
				CLANG_WARN_QUOTED_INCLUDE_IN_FRAMEWORK_HEADER = YES;
				CLANG_WARN_RANGE_LOOP_ANALYSIS = YES;
				CLANG_WARN_STRICT_PROTOTYPES = YES;
				CLANG_WARN_SUSPICIOUS_MOVE = YES;
				CLANG_WARN_UNGUARDED_AVAILABILITY = YES_AGGRESSIVE;
				CLANG_WARN_UNREACHABLE_CODE = YES;
				CLANG_WARN__DUPLICATE_METHOD_MATCH = YES;
				COPY_PHASE_STRIP = NO;
				DEBUG_INFORMATION_FORMAT = dwarf;
				ENABLE_STRICT_OBJC_MSGSEND = YES;
				ENABLE_TESTABILITY = YES;
				ENABLE_USER_SCRIPT_SANDBOXING = YES;
				GCC_C_LANGUAGE_STANDARD = gnu17;
				GCC_DYNAMIC_NO_PIC = NO;
				GCC_NO_COMMON_BLOCKS = YES;
				GCC_OPTIMIZATION_LEVEL = 0;
				GCC_PREPROCESSOR_DEFINITIONS = (
					"DEBUG=1",
					"$(inherited)",
				);
				GCC_WARN_64_TO_32_BIT_CONVERSION = YES;
				GCC_WARN_ABOUT_RETURN_TYPE = YES_ERROR;
				GCC_WARN_UNDECLARED_SELECTOR = YES;
				GCC_WARN_UNINITIALIZED_AUTOS = YES_AGGRESSIVE;
				GCC_WARN_UNUSED_FUNCTION = YES;
				GCC_WARN_UNUSED_VARIABLE = YES;
				IPHONEOS_DEPLOYMENT_TARGET = 18.1;
				LOCALIZATION_PREFERS_STRING_CATALOGS = YES;
				MTL_ENABLE_DEBUG_INFO = INCLUDE_SOURCE;
				MTL_FAST_MATH = YES;
				ONLY_ACTIVE_ARCH = YES;
				SDKROOT = iphoneos;
				SWIFT_ACTIVE_COMPILATION_CONDITIONS = "DEBUG $(inherited)";
				SWIFT_OPTIMIZATION_LEVEL = "-Onone";
			};
			name = Debug;
		};
		E482AE692CED5D2000DB6203 /* Release */ = {
			isa = XCBuildConfiguration;
			buildSettings = {
				ALWAYS_SEARCH_USER_PATHS = NO;
				ASSETCATALOG_COMPILER_GENERATE_SWIFT_ASSET_SYMBOL_EXTENSIONS = YES;
				CLANG_ANALYZER_NONNULL = YES;
				CLANG_ANALYZER_NUMBER_OBJECT_CONVERSION = YES_AGGRESSIVE;
				CLANG_CXX_LANGUAGE_STANDARD = "gnu++20";
				CLANG_ENABLE_MODULES = YES;
				CLANG_ENABLE_OBJC_ARC = YES;
				CLANG_ENABLE_OBJC_WEAK = YES;
				CLANG_WARN_BLOCK_CAPTURE_AUTORELEASING = YES;
				CLANG_WARN_BOOL_CONVERSION = YES;
				CLANG_WARN_COMMA = YES;
				CLANG_WARN_CONSTANT_CONVERSION = YES;
				CLANG_WARN_DEPRECATED_OBJC_IMPLEMENTATIONS = YES;
				CLANG_WARN_DIRECT_OBJC_ISA_USAGE = YES_ERROR;
				CLANG_WARN_DOCUMENTATION_COMMENTS = YES;
				CLANG_WARN_EMPTY_BODY = YES;
				CLANG_WARN_ENUM_CONVERSION = YES;
				CLANG_WARN_INFINITE_RECURSION = YES;
				CLANG_WARN_INT_CONVERSION = YES;
				CLANG_WARN_NON_LITERAL_NULL_CONVERSION = YES;
				CLANG_WARN_OBJC_IMPLICIT_RETAIN_SELF = YES;
				CLANG_WARN_OBJC_LITERAL_CONVERSION = YES;
				CLANG_WARN_OBJC_ROOT_CLASS = YES_ERROR;
				CLANG_WARN_QUOTED_INCLUDE_IN_FRAMEWORK_HEADER = YES;
				CLANG_WARN_RANGE_LOOP_ANALYSIS = YES;
				CLANG_WARN_STRICT_PROTOTYPES = YES;
				CLANG_WARN_SUSPICIOUS_MOVE = YES;
				CLANG_WARN_UNGUARDED_AVAILABILITY = YES_AGGRESSIVE;
				CLANG_WARN_UNREACHABLE_CODE = YES;
				CLANG_WARN__DUPLICATE_METHOD_MATCH = YES;
				COPY_PHASE_STRIP = NO;
				DEBUG_INFORMATION_FORMAT = "dwarf-with-dsym";
				ENABLE_NS_ASSERTIONS = NO;
				ENABLE_STRICT_OBJC_MSGSEND = YES;
				ENABLE_USER_SCRIPT_SANDBOXING = YES;
				GCC_C_LANGUAGE_STANDARD = gnu17;
				GCC_NO_COMMON_BLOCKS = YES;
				GCC_WARN_64_TO_32_BIT_CONVERSION = YES;
				GCC_WARN_ABOUT_RETURN_TYPE = YES_ERROR;
				GCC_WARN_UNDECLARED_SELECTOR = YES;
				GCC_WARN_UNINITIALIZED_AUTOS = YES_AGGRESSIVE;
				GCC_WARN_UNUSED_FUNCTION = YES;
				GCC_WARN_UNUSED_VARIABLE = YES;
				IPHONEOS_DEPLOYMENT_TARGET = 18.1;
				LOCALIZATION_PREFERS_STRING_CATALOGS = YES;
				MTL_ENABLE_DEBUG_INFO = NO;
				MTL_FAST_MATH = YES;
				SDKROOT = iphoneos;
				SWIFT_COMPILATION_MODE = wholemodule;
				VALIDATE_PRODUCT = YES;
			};
			name = Release;
		};
		E482AE6B2CED5D2000DB6203 /* Debug */ = {
			isa = XCBuildConfiguration;
			buildSettings = {
				ASSETCATALOG_COMPILER_APPICON_NAME = AppIcon;
				ASSETCATALOG_COMPILER_GLOBAL_ACCENT_COLOR_NAME = AccentColor;
				CODE_SIGN_STYLE = Automatic;
				CURRENT_PROJECT_VERSION = 1;
				DEVELOPMENT_ASSET_PATHS = "\"Sangle/Preview Content\"";
				DEVELOPMENT_TEAM = K7L9U868GK;
				ENABLE_PREVIEWS = YES;
				GENERATE_INFOPLIST_FILE = YES;
				INFOPLIST_FILE = Sangle/Info.plist;
				INFOPLIST_KEY_UIApplicationSceneManifest_Generation = YES;
				INFOPLIST_KEY_UIApplicationSupportsIndirectInputEvents = YES;
				INFOPLIST_KEY_UILaunchScreen_Generation = YES;
				INFOPLIST_KEY_UISupportedInterfaceOrientations_iPad = "UIInterfaceOrientationPortrait UIInterfaceOrientationPortraitUpsideDown UIInterfaceOrientationLandscapeLeft UIInterfaceOrientationLandscapeRight";
				INFOPLIST_KEY_UISupportedInterfaceOrientations_iPhone = "UIInterfaceOrientationPortrait UIInterfaceOrientationLandscapeLeft UIInterfaceOrientationLandscapeRight";
				INFOPLIST_KEY_UIUserInterfaceStyle = Light;
				LD_RUNPATH_SEARCH_PATHS = (
					"$(inherited)",
					"@executable_path/Frameworks",
				);
				MARKETING_VERSION = 1.0;
				PRODUCT_BUNDLE_IDENTIFIER = me.cottons.Sangle;
				PRODUCT_NAME = "$(TARGET_NAME)";
				SWIFT_EMIT_LOC_STRINGS = YES;
				SWIFT_VERSION = 5.0;
				TARGETED_DEVICE_FAMILY = "1,2";
			};
			name = Debug;
		};
		E482AE6C2CED5D2000DB6203 /* Release */ = {
			isa = XCBuildConfiguration;
			buildSettings = {
				ASSETCATALOG_COMPILER_APPICON_NAME = AppIcon;
				ASSETCATALOG_COMPILER_GLOBAL_ACCENT_COLOR_NAME = AccentColor;
				CODE_SIGN_STYLE = Automatic;
				CURRENT_PROJECT_VERSION = 1;
				DEVELOPMENT_ASSET_PATHS = "\"Sangle/Preview Content\"";
				DEVELOPMENT_TEAM = K7L9U868GK;
				ENABLE_PREVIEWS = YES;
				GENERATE_INFOPLIST_FILE = YES;
				INFOPLIST_FILE = Sangle/Info.plist;
				INFOPLIST_KEY_UIApplicationSceneManifest_Generation = YES;
				INFOPLIST_KEY_UIApplicationSupportsIndirectInputEvents = YES;
				INFOPLIST_KEY_UILaunchScreen_Generation = YES;
				INFOPLIST_KEY_UISupportedInterfaceOrientations_iPad = "UIInterfaceOrientationPortrait UIInterfaceOrientationPortraitUpsideDown UIInterfaceOrientationLandscapeLeft UIInterfaceOrientationLandscapeRight";
				INFOPLIST_KEY_UISupportedInterfaceOrientations_iPhone = "UIInterfaceOrientationPortrait UIInterfaceOrientationLandscapeLeft UIInterfaceOrientationLandscapeRight";
				INFOPLIST_KEY_UIUserInterfaceStyle = Light;
				LD_RUNPATH_SEARCH_PATHS = (
					"$(inherited)",
					"@executable_path/Frameworks",
				);
				MARKETING_VERSION = 1.0;
				PRODUCT_BUNDLE_IDENTIFIER = me.cottons.Sangle;
				PRODUCT_NAME = "$(TARGET_NAME)";
				SWIFT_EMIT_LOC_STRINGS = YES;
				SWIFT_VERSION = 5.0;
				TARGETED_DEVICE_FAMILY = "1,2";
			};
			name = Release;
		};
		E482AE6E2CED5D2000DB6203 /* Debug */ = {
			isa = XCBuildConfiguration;
			buildSettings = {
				BUNDLE_LOADER = "$(TEST_HOST)";
				CODE_SIGN_STYLE = Automatic;
				CURRENT_PROJECT_VERSION = 1;
				DEVELOPMENT_TEAM = TQ7JMJFZ9K;
				GENERATE_INFOPLIST_FILE = YES;
				IPHONEOS_DEPLOYMENT_TARGET = 18.1;
				MARKETING_VERSION = 1.0;
				PRODUCT_BUNDLE_IDENTIFIER = me.jwkwon0817.SangleTests;
				PRODUCT_NAME = "$(TARGET_NAME)";
				SWIFT_EMIT_LOC_STRINGS = NO;
				SWIFT_VERSION = 5.0;
				TARGETED_DEVICE_FAMILY = "1,2";
				TEST_HOST = "$(BUILT_PRODUCTS_DIR)/Sangle.app/$(BUNDLE_EXECUTABLE_FOLDER_PATH)/Sangle";
			};
			name = Debug;
		};
		E482AE6F2CED5D2000DB6203 /* Release */ = {
			isa = XCBuildConfiguration;
			buildSettings = {
				BUNDLE_LOADER = "$(TEST_HOST)";
				CODE_SIGN_STYLE = Automatic;
				CURRENT_PROJECT_VERSION = 1;
				DEVELOPMENT_TEAM = TQ7JMJFZ9K;
				GENERATE_INFOPLIST_FILE = YES;
				IPHONEOS_DEPLOYMENT_TARGET = 18.1;
				MARKETING_VERSION = 1.0;
				PRODUCT_BUNDLE_IDENTIFIER = me.jwkwon0817.SangleTests;
				PRODUCT_NAME = "$(TARGET_NAME)";
				SWIFT_EMIT_LOC_STRINGS = NO;
				SWIFT_VERSION = 5.0;
				TARGETED_DEVICE_FAMILY = "1,2";
				TEST_HOST = "$(BUILT_PRODUCTS_DIR)/Sangle.app/$(BUNDLE_EXECUTABLE_FOLDER_PATH)/Sangle";
			};
			name = Release;
		};
		E482AE712CED5D2000DB6203 /* Debug */ = {
			isa = XCBuildConfiguration;
			buildSettings = {
				CODE_SIGN_STYLE = Automatic;
				CURRENT_PROJECT_VERSION = 1;
				DEVELOPMENT_TEAM = TQ7JMJFZ9K;
				GENERATE_INFOPLIST_FILE = YES;
				MARKETING_VERSION = 1.0;
				PRODUCT_BUNDLE_IDENTIFIER = me.jwkwon0817.SangleUITests;
				PRODUCT_NAME = "$(TARGET_NAME)";
				SWIFT_EMIT_LOC_STRINGS = NO;
				SWIFT_VERSION = 5.0;
				TARGETED_DEVICE_FAMILY = "1,2";
				TEST_TARGET_NAME = Sangle;
			};
			name = Debug;
		};
		E482AE722CED5D2000DB6203 /* Release */ = {
			isa = XCBuildConfiguration;
			buildSettings = {
				CODE_SIGN_STYLE = Automatic;
				CURRENT_PROJECT_VERSION = 1;
				DEVELOPMENT_TEAM = TQ7JMJFZ9K;
				GENERATE_INFOPLIST_FILE = YES;
				MARKETING_VERSION = 1.0;
				PRODUCT_BUNDLE_IDENTIFIER = me.jwkwon0817.SangleUITests;
				PRODUCT_NAME = "$(TARGET_NAME)";
				SWIFT_EMIT_LOC_STRINGS = NO;
				SWIFT_VERSION = 5.0;
				TARGETED_DEVICE_FAMILY = "1,2";
				TEST_TARGET_NAME = Sangle;
			};
			name = Release;
		};
/* End XCBuildConfiguration section */

/* Begin XCConfigurationList section */
		E482AE412CED5D1F00DB6203 /* Build configuration list for PBXProject "Sangle" */ = {
			isa = XCConfigurationList;
			buildConfigurations = (
				E482AE682CED5D2000DB6203 /* Debug */,
				E482AE692CED5D2000DB6203 /* Release */,
			);
			defaultConfigurationIsVisible = 0;
			defaultConfigurationName = Release;
		};
		E482AE6A2CED5D2000DB6203 /* Build configuration list for PBXNativeTarget "Sangle" */ = {
			isa = XCConfigurationList;
			buildConfigurations = (
				E482AE6B2CED5D2000DB6203 /* Debug */,
				E482AE6C2CED5D2000DB6203 /* Release */,
			);
			defaultConfigurationIsVisible = 0;
			defaultConfigurationName = Release;
		};
		E482AE6D2CED5D2000DB6203 /* Build configuration list for PBXNativeTarget "SangleTests" */ = {
			isa = XCConfigurationList;
			buildConfigurations = (
				E482AE6E2CED5D2000DB6203 /* Debug */,
				E482AE6F2CED5D2000DB6203 /* Release */,
			);
			defaultConfigurationIsVisible = 0;
			defaultConfigurationName = Release;
		};
		E482AE702CED5D2000DB6203 /* Build configuration list for PBXNativeTarget "SangleUITests" */ = {
			isa = XCConfigurationList;
			buildConfigurations = (
				E482AE712CED5D2000DB6203 /* Debug */,
				E482AE722CED5D2000DB6203 /* Release */,
			);
			defaultConfigurationIsVisible = 0;
			defaultConfigurationName = Release;
		};
/* End XCConfigurationList section */

/* Begin XCRemoteSwiftPackageReference section */
		E4E3261B2CF1B72D007D3137 /* XCRemoteSwiftPackageReference "Alamofire" */ = {
			isa = XCRemoteSwiftPackageReference;
			repositoryURL = "https://github.com/Alamofire/Alamofire.git";
			requirement = {
				kind = upToNextMajorVersion;
				minimumVersion = 5.10.1;
			};
		};
/* End XCRemoteSwiftPackageReference section */

/* Begin XCSwiftPackageProductDependency section */
		E4E3261C2CF1B72D007D3137 /* Alamofire */ = {
			isa = XCSwiftPackageProductDependency;
			package = E4E3261B2CF1B72D007D3137 /* XCRemoteSwiftPackageReference "Alamofire" */;
			productName = Alamofire;
		};
/* End XCSwiftPackageProductDependency section */
	};
	rootObject = E482AE3E2CED5D1F00DB6203 /* Project object */;
}
